# This file is automatically @generated by Cargo.
# It is not intended for manual editing.
version = 4

[[package]]
name = "brainsort"
version = "0.5.0"

[[package]]
name = "brainsort-bench"
version = "0.0.0"
dependencies = [
 "brainsort",
 "glidesort",
]

[[package]]
name = "glidesort"
version = "0.1.2"
source = "registry+https://github.com/rust-lang/crates.io-index"
checksum = "f2e102e6eb644d3e0b186fc161e4460417880a0a0b87d235f2e5b8fb30f2e9e0"
